{
  "name": "accessibility-contrast-calculator",
  "version": "1.0.2",
  "lockfileVersion": 3,
  "requires": true,
  "packages": {
    "": {
      "name": "accessibility-contrast-calculator",
      "version": "1.0.2",
      "license": "MIT",
      "dependencies": {
        "bootstrap": "^5.3.8",
        "bootstrap-icons": "^1.13.1",
        "cm-web-modules": "^2.4.4"
      },
      "devDependencies": {
        "teevi": "^2.2.4"
      }
    },
    "node_modules/@popperjs/core": {
      "version": "2.11.8",
      "resolved": "https://registry.npmjs.org/@popperjs/core/-/core-2.11.8.tgz",
      "integrity": "sha512-P1st0aksCrn9sGZhp8GMYwBnQsbvAWsZAX44oXNNvLHGqAOcoVxmjZiohstwQ7SqKnbR47akdNi+uleWD8+g6A==",
      "license": "MIT",
      "peer": true,
      "funding": {
        "type": "opencollective",
        "url": "https://opencollective.com/popperjs"
      }
    },
    "node_modules/bootstrap": {
      "version": "5.3.8",
      "resolved": "https://registry.npmjs.org/bootstrap/-/bootstrap-5.3.8.tgz",
      "integrity": "sha512-HP1SZDqaLDPwsNiqRqi5NcP0SSXciX2s9E+RyqJIIqGo+vJeN5AJVM98CXmW/Wux0nQ5L7jeWUdplCEf0Ee+tg==",
      "funding": [
        {
          "type": "github",
          "url": "https://github.com/sponsors/twbs"
        },
        {
          "type": "opencollective",
          "url": "https://opencollective.com/bootstrap"
        }
      ],
      "license": "MIT",
      "peerDependencies": {
        "@popperjs/core": "^2.11.8"
      }
    },
    "node_modules/bootstrap-icons": {
      "version": "1.13.1",
      "resolved": "https://registry.npmjs.org/bootstrap-icons/-/bootstrap-icons-1.13.1.tgz",
      "integrity": "sha512-ijombt4v6bv5CLeXvRWKy7CuM3TRTuPEuGaGKvTV5cz65rQSY8RQ2JcHt6b90cBBAC7s8fsf2EkQDldzCoXUjw==",
      "funding": [
        {
          "type": "github",
          "url": "https://github.com/sponsors/twbs"
        },
        {
          "type": "opencollective",
          "url": "https://opencollective.com/bootstrap"
        }
      ],
      "license": "MIT"
    },
    "node_modules/cm-web-modules": {
      "version": "2.4.4",
      "resolved": "https://registry.npmjs.org/cm-web-modules/-/cm-web-modules-2.4.4.tgz",
      "integrity": "sha512-lbV1GgL4RdsiEiGA87L4GB8R2UNbj0itWx7sj6rWMA3rccF+lZyOGGjjeRPlVN6aJl4QMZUGChuOGSFR3yGcDQ==",
      "license": "MIT"
    },
    "node_modules/teevi": {
      "version": "2.2.4",
      "resolved": "https://registry.npmjs.org/teevi/-/teevi-2.2.4.tgz",
      "integrity": "sha512-dlWBYsYlb2D/CppMenVKXpD/vCiVwlgFwfjofWqunziq8O1OeYhnXK3dnYOLRmNLhimsk/a3h+w5e03BnIExKQ==",
      "dev": true,
      "license": "MIT"
    }
  }
}
